
Microsoft Visual Studio Solution File, Format Version 12.00
# Visual Studio Version 16
VisualStudioVersion = 16.0.29519.181
MinimumVisualStudioVersion = 10.0.40219.1
Project("{FAE04EC0-301F-11D3-BF4B-00C04F79EFBC}") = "Perplex.ContentBlocks", "Perplex.ContentBlocks.csproj", "{1B565714-0FD5-4086-946F-A60E8AA32910}"
EndProject
Global
	GlobalSection(SolutionConfigurationPlatforms) = preSolution
		Debug|Any CPU = Debug|Any CPU
		Release|Any CPU = Release|Any CPU
	EndGlobalSection
	GlobalSection(ProjectConfigurationPlatforms) = postSolution
		{1B565714-0FD5-4086-946F-A60E8AA32910}.Debug|Any CPU.ActiveCfg = Debug|Any CPU
		{1B565714-0FD5-4086-946F-A60E8AA32910}.Debug|Any CPU.Build.0 = Debug|Any CPU
		{1B565714-0FD5-4086-946F-A60E8AA32910}.Release|Any CPU.ActiveCfg = Release|Any CPU
		{1B565714-0FD5-4086-946F-A60E8AA32910}.Release|Any CPU.Build.0 = Release|Any CPU
	EndGlobalSection
	GlobalSection(SolutionProperties) = preSolution
		HideSolutionNode = FALSE
	EndGlobalSection
	GlobalSection(ExtensibilityGlobals) = postSolution
		SolutionGuid = {091CD036-294F-4C44-A81C-10C3974A481C}
	EndGlobalSection
EndGlobal
