
Microsoft Visual Studio Solution File, Format Version 12.00
# Visual Studio Version 17
VisualStudioVersion = 17.7.34003.232
MinimumVisualStudioVersion = 10.0.40219.1
Project("{9A19103F-16F7-4668-BE54-9A1E7A4F7556}") = "Perplex.ContentBlocks", "Perplex.ContentBlocks\Perplex.ContentBlocks.csproj", "{CC00D01F-A987-4E6F-9983-FFAC97CE27A3}"
EndProject
Project("{9A19103F-16F7-4668-BE54-9A1E7A4F7556}") = "Perplex.ContentBlocks.Core", "Perplex.ContentBlocks.Core\Perplex.ContentBlocks.Core.csproj", "{1282FAD9-5B28-4DBA-BF0E-0F8982085F59}"
EndProject
Project("{9A19103F-16F7-4668-BE54-9A1E7A4F7556}") = "Perplex.ContentBlocks.StaticAssets", "Perplex.ContentBlocks.StaticAssets\Perplex.ContentBlocks.StaticAssets.csproj", "{B8986C6A-0F31-4963-A439-441844FD262A}"
EndProject
Global
	GlobalSection(SolutionConfigurationPlatforms) = preSolution
		Debug|Any CPU = Debug|Any CPU
		Release|Any CPU = Release|Any CPU
	EndGlobalSection
	GlobalSection(ProjectConfigurationPlatforms) = postSolution
		{CC00D01F-A987-4E6F-9983-FFAC97CE27A3}.Debug|Any CPU.ActiveCfg = Debug|Any CPU
		{CC00D01F-A987-4E6F-9983-FFAC97CE27A3}.Debug|Any CPU.Build.0 = Debug|Any CPU
		{CC00D01F-A987-4E6F-9983-FFAC97CE27A3}.Release|Any CPU.ActiveCfg = Release|Any CPU
		{CC00D01F-A987-4E6F-9983-FFAC97CE27A3}.Release|Any CPU.Build.0 = Release|Any CPU
		{1282FAD9-5B28-4DBA-BF0E-0F8982085F59}.Debug|Any CPU.ActiveCfg = Debug|Any CPU
		{1282FAD9-5B28-4DBA-BF0E-0F8982085F59}.Debug|Any CPU.Build.0 = Debug|Any CPU
		{1282FAD9-5B28-4DBA-BF0E-0F8982085F59}.Release|Any CPU.ActiveCfg = Release|Any CPU
		{1282FAD9-5B28-4DBA-BF0E-0F8982085F59}.Release|Any CPU.Build.0 = Release|Any CPU
		{B8986C6A-0F31-4963-A439-441844FD262A}.Debug|Any CPU.ActiveCfg = Debug|Any CPU
		{B8986C6A-0F31-4963-A439-441844FD262A}.Debug|Any CPU.Build.0 = Debug|Any CPU
		{B8986C6A-0F31-4963-A439-441844FD262A}.Release|Any CPU.ActiveCfg = Release|Any CPU
		{B8986C6A-0F31-4963-A439-441844FD262A}.Release|Any CPU.Build.0 = Release|Any CPU
	EndGlobalSection
	GlobalSection(SolutionProperties) = preSolution
		HideSolutionNode = FALSE
	EndGlobalSection
	GlobalSection(ExtensibilityGlobals) = postSolution
		SolutionGuid = {091CD036-294F-4C44-A81C-10C3974A481C}
	EndGlobalSection
EndGlobal
